
Microsoft Visual Studio Solution File, Format Version 12.00
# Visual Studio Version 17
VisualStudioVersion = 17.3.32901.215
MinimumVisualStudioVersion = 10.0.40219.1
Project("{2150E333-8FDC-42A3-9474-1A3956D46DE8}") = "src", "src", "{84AB8A67-6FED-459E-98BC-31D79A3A383C}"
EndProject
Project("{2150E333-8FDC-42A3-9474-1A3956D46DE8}") = "tests", "tests", "{FB8A28F9-B345-4431-86A2-E239CC1C80D0}"
EndProject
Project("{9A19103F-16F7-4668-BE54-9A1E7A4F7556}") = "AuthRPolicy.Core", "src\AuthRPolicy.Core\AuthRPolicy.Core.csproj", "{6266D80A-3EED-469A-9D9F-1A6972EF1904}"
EndProject
Project("{9A19103F-16F7-4668-BE54-9A1E7A4F7556}") = "AuthRPolicy.MediatRExtensions", "src\AuthRPolicy.MediatRExtensions\AuthRPolicy.MediatRExtensions.csproj", "{6BE62C0A-BA5D-482D-9747-0FFDEF585A33}"
EndProject
Project("{9A19103F-16F7-4668-BE54-9A1E7A4F7556}") = "AuthRPolicy.Core.Tests", "tests\AuthRPolicy.Core.Tests\AuthRPolicy.Core.Tests.csproj", "{89777077-AC0B-4C84-AB52-BA12A0164CC5}"
EndProject
Project("{2150E333-8FDC-42A3-9474-1A3956D46DE8}") = "Solution Items", "Solution Items", "{F505C054-6FB6-4260-837A-632FA7999C2C}"
	ProjectSection(SolutionItems) = preProject
		.gitattributes = .gitattributes
		.gitignore = .gitignore
		finecodecoverage-settings.xml = finecodecoverage-settings.xml
		LICENSE.txt = LICENSE.txt
		README.md = README.md
	EndProjectSection
EndProject
Project("{2150E333-8FDC-42A3-9474-1A3956D46DE8}") = "TestAssemblies", "TestAssemblies", "{5A634F3B-C136-48FB-A96F-D9DC0495A733}"
EndProject
Project("{9A19103F-16F7-4668-BE54-9A1E7A4F7556}") = "AuthRPolicy.Core.TestAssemblies.EmptyAssembly", "tests\TestAssemblies\AuthRPolicy.Core.TestAssemblies.EmptyAssembly\AuthRPolicy.Core.TestAssemblies.EmptyAssembly.csproj", "{8EE70DB8-7F60-437A-93B5-B42C13CC90EC}"
EndProject
Project("{9A19103F-16F7-4668-BE54-9A1E7A4F7556}") = "AuthRPolicy.Core.TestAssemblies.MissingChecker", "tests\TestAssemblies\AuthRPolicy.Core.TestAssemblies.MissingChecker\AuthRPolicy.Core.TestAssemblies.MissingChecker.csproj", "{D4E081FB-1A47-4721-931C-B223C0D4A385}"
EndProject
Project("{9A19103F-16F7-4668-BE54-9A1E7A4F7556}") = "AuthRPolicy.Core.TestAssemblies.ValidCheckers", "tests\TestAssemblies\AuthRPolicy.Core.TestAssemblies.ValidCheckers\AuthRPolicy.Core.TestAssemblies.ValidCheckers.csproj", "{2F868C01-A006-415E-B517-04C6E6BD2597}"
EndProject
Project("{2150E333-8FDC-42A3-9474-1A3956D46DE8}") = "sample", "sample", "{CB940ABE-BB55-4C78-A011-722ECF8A17EB}"
EndProject
Project("{9A19103F-16F7-4668-BE54-9A1E7A4F7556}") = "AuthRPolicy.Sample", "sample\AuthRPolicy.Sample\AuthRPolicy.Sample.csproj", "{A8F6B394-CB20-4B9B-A436-F6B8226ACB32}"
EndProject
Project("{9A19103F-16F7-4668-BE54-9A1E7A4F7556}") = "AuthRPolicy.MediatRExtensions.Tests", "tests\AuthRPolicy.MediatRExtensions.Tests\AuthRPolicy.MediatRExtensions.Tests.csproj", "{4CA565D8-143B-47DF-93CE-80A0ADEBCE96}"
EndProject
Project("{FAE04EC0-301F-11D3-BF4B-00C04F79EFBC}") = "AuthRPolicy.Sample.Tests", "sample\AuthRPolicy.Sample.Tests\AuthRPolicy.Sample.Tests.csproj", "{AA8D87EC-CFE9-4DDE-8DE1-E80AF8AED274}"
EndProject
Global
	GlobalSection(SolutionConfigurationPlatforms) = preSolution
		Debug|Any CPU = Debug|Any CPU
		Release|Any CPU = Release|Any CPU
	EndGlobalSection
	GlobalSection(ProjectConfigurationPlatforms) = postSolution
		{6266D80A-3EED-469A-9D9F-1A6972EF1904}.Debug|Any CPU.ActiveCfg = Debug|Any CPU
		{6266D80A-3EED-469A-9D9F-1A6972EF1904}.Debug|Any CPU.Build.0 = Debug|Any CPU
		{6266D80A-3EED-469A-9D9F-1A6972EF1904}.Release|Any CPU.ActiveCfg = Release|Any CPU
		{6266D80A-3EED-469A-9D9F-1A6972EF1904}.Release|Any CPU.Build.0 = Release|Any CPU
		{6BE62C0A-BA5D-482D-9747-0FFDEF585A33}.Debug|Any CPU.ActiveCfg = Debug|Any CPU
		{6BE62C0A-BA5D-482D-9747-0FFDEF585A33}.Debug|Any CPU.Build.0 = Debug|Any CPU
		{6BE62C0A-BA5D-482D-9747-0FFDEF585A33}.Release|Any CPU.ActiveCfg = Release|Any CPU
		{6BE62C0A-BA5D-482D-9747-0FFDEF585A33}.Release|Any CPU.Build.0 = Release|Any CPU
		{89777077-AC0B-4C84-AB52-BA12A0164CC5}.Debug|Any CPU.ActiveCfg = Debug|Any CPU
		{89777077-AC0B-4C84-AB52-BA12A0164CC5}.Debug|Any CPU.Build.0 = Debug|Any CPU
		{89777077-AC0B-4C84-AB52-BA12A0164CC5}.Release|Any CPU.ActiveCfg = Release|Any CPU
		{89777077-AC0B-4C84-AB52-BA12A0164CC5}.Release|Any CPU.Build.0 = Release|Any CPU
		{8EE70DB8-7F60-437A-93B5-B42C13CC90EC}.Debug|Any CPU.ActiveCfg = Debug|Any CPU
		{8EE70DB8-7F60-437A-93B5-B42C13CC90EC}.Debug|Any CPU.Build.0 = Debug|Any CPU
		{8EE70DB8-7F60-437A-93B5-B42C13CC90EC}.Release|Any CPU.ActiveCfg = Release|Any CPU
		{8EE70DB8-7F60-437A-93B5-B42C13CC90EC}.Release|Any CPU.Build.0 = Release|Any CPU
		{D4E081FB-1A47-4721-931C-B223C0D4A385}.Debug|Any CPU.ActiveCfg = Debug|Any CPU
		{D4E081FB-1A47-4721-931C-B223C0D4A385}.Debug|Any CPU.Build.0 = Debug|Any CPU
		{D4E081FB-1A47-4721-931C-B223C0D4A385}.Release|Any CPU.ActiveCfg = Release|Any CPU
		{D4E081FB-1A47-4721-931C-B223C0D4A385}.Release|Any CPU.Build.0 = Release|Any CPU
		{2F868C01-A006-415E-B517-04C6E6BD2597}.Debug|Any CPU.ActiveCfg = Debug|Any CPU
		{2F868C01-A006-415E-B517-04C6E6BD2597}.Debug|Any CPU.Build.0 = Debug|Any CPU
		{2F868C01-A006-415E-B517-04C6E6BD2597}.Release|Any CPU.ActiveCfg = Release|Any CPU
		{2F868C01-A006-415E-B517-04C6E6BD2597}.Release|Any CPU.Build.0 = Release|Any CPU
		{A8F6B394-CB20-4B9B-A436-F6B8226ACB32}.Debug|Any CPU.ActiveCfg = Debug|Any CPU
		{A8F6B394-CB20-4B9B-A436-F6B8226ACB32}.Debug|Any CPU.Build.0 = Debug|Any CPU
		{A8F6B394-CB20-4B9B-A436-F6B8226ACB32}.Release|Any CPU.ActiveCfg = Release|Any CPU
		{A8F6B394-CB20-4B9B-A436-F6B8226ACB32}.Release|Any CPU.Build.0 = Release|Any CPU
		{4CA565D8-143B-47DF-93CE-80A0ADEBCE96}.Debug|Any CPU.ActiveCfg = Debug|Any CPU
		{4CA565D8-143B-47DF-93CE-80A0ADEBCE96}.Debug|Any CPU.Build.0 = Debug|Any CPU
		{4CA565D8-143B-47DF-93CE-80A0ADEBCE96}.Release|Any CPU.ActiveCfg = Release|Any CPU
		{4CA565D8-143B-47DF-93CE-80A0ADEBCE96}.Release|Any CPU.Build.0 = Release|Any CPU
		{AA8D87EC-CFE9-4DDE-8DE1-E80AF8AED274}.Debug|Any CPU.ActiveCfg = Debug|Any CPU
		{AA8D87EC-CFE9-4DDE-8DE1-E80AF8AED274}.Debug|Any CPU.Build.0 = Debug|Any CPU
		{AA8D87EC-CFE9-4DDE-8DE1-E80AF8AED274}.Release|Any CPU.ActiveCfg = Release|Any CPU
		{AA8D87EC-CFE9-4DDE-8DE1-E80AF8AED274}.Release|Any CPU.Build.0 = Release|Any CPU
	EndGlobalSection
	GlobalSection(SolutionProperties) = preSolution
		HideSolutionNode = FALSE
	EndGlobalSection
	GlobalSection(NestedProjects) = preSolution
		{6266D80A-3EED-469A-9D9F-1A6972EF1904} = {84AB8A67-6FED-459E-98BC-31D79A3A383C}
		{6BE62C0A-BA5D-482D-9747-0FFDEF585A33} = {84AB8A67-6FED-459E-98BC-31D79A3A383C}
		{89777077-AC0B-4C84-AB52-BA12A0164CC5} = {FB8A28F9-B345-4431-86A2-E239CC1C80D0}
		{5A634F3B-C136-48FB-A96F-D9DC0495A733} = {FB8A28F9-B345-4431-86A2-E239CC1C80D0}
		{8EE70DB8-7F60-437A-93B5-B42C13CC90EC} = {5A634F3B-C136-48FB-A96F-D9DC0495A733}
		{D4E081FB-1A47-4721-931C-B223C0D4A385} = {5A634F3B-C136-48FB-A96F-D9DC0495A733}
		{2F868C01-A006-415E-B517-04C6E6BD2597} = {5A634F3B-C136-48FB-A96F-D9DC0495A733}
		{A8F6B394-CB20-4B9B-A436-F6B8226ACB32} = {CB940ABE-BB55-4C78-A011-722ECF8A17EB}
		{4CA565D8-143B-47DF-93CE-80A0ADEBCE96} = {FB8A28F9-B345-4431-86A2-E239CC1C80D0}
		{AA8D87EC-CFE9-4DDE-8DE1-E80AF8AED274} = {CB940ABE-BB55-4C78-A011-722ECF8A17EB}
	EndGlobalSection
	GlobalSection(ExtensibilityGlobals) = postSolution
		SolutionGuid = {7A458598-F4C8-4C4D-95B4-1BBEC12A6377}
	EndGlobalSection
EndGlobal
