
Microsoft Visual Studio Solution File, Format Version 12.00
# Visual Studio Version 17
VisualStudioVersion = 17.3.32901.215
MinimumVisualStudioVersion = 10.0.40219.1
Project("{2150E333-8FDC-42A3-9474-1A3956D46DE8}") = "src", "src", "{84AB8A67-6FED-459E-98BC-31D79A3A383C}"
EndProject
Project("{2150E333-8FDC-42A3-9474-1A3956D46DE8}") = "tests", "tests", "{FB8A28F9-B345-4431-86A2-E239CC1C80D0}"
EndProject
Project("{9A19103F-16F7-4668-BE54-9A1E7A4F7556}") = "AuthRAccessPolicy.Core", "src\AuthRAccessPolicy.Core\AuthRAccessPolicy.Core.csproj", "{6266D80A-3EED-469A-9D9F-1A6972EF1904}"
EndProject
Project("{9A19103F-16F7-4668-BE54-9A1E7A4F7556}") = "AuthRAccessPolicy.Core.MediatRExtensions", "src\AuthRAccessPolicy.MediatRExtensions\AuthRAccessPolicy.Core.MediatRExtensions.csproj", "{6BE62C0A-BA5D-482D-9747-0FFDEF585A33}"
EndProject
Project("{9A19103F-16F7-4668-BE54-9A1E7A4F7556}") = "AuthRAccessPolicy.Core.Tests", "tests\AuthRAccessPolicy.Core.Tests\AuthRAccessPolicy.Core.Tests.csproj", "{89777077-AC0B-4C84-AB52-BA12A0164CC5}"
EndProject
Project("{2150E333-8FDC-42A3-9474-1A3956D46DE8}") = "Solution Items", "Solution Items", "{F505C054-6FB6-4260-837A-632FA7999C2C}"
	ProjectSection(SolutionItems) = preProject
		.gitattributes = .gitattributes
		.gitignore = .gitignore
		LICENSE.txt = LICENSE.txt
		README.md = README.md
	EndProjectSection
EndProject
Global
	GlobalSection(SolutionConfigurationPlatforms) = preSolution
		Debug|Any CPU = Debug|Any CPU
		Release|Any CPU = Release|Any CPU
	EndGlobalSection
	GlobalSection(ProjectConfigurationPlatforms) = postSolution
		{6266D80A-3EED-469A-9D9F-1A6972EF1904}.Debug|Any CPU.ActiveCfg = Debug|Any CPU
		{6266D80A-3EED-469A-9D9F-1A6972EF1904}.Debug|Any CPU.Build.0 = Debug|Any CPU
		{6266D80A-3EED-469A-9D9F-1A6972EF1904}.Release|Any CPU.ActiveCfg = Release|Any CPU
		{6266D80A-3EED-469A-9D9F-1A6972EF1904}.Release|Any CPU.Build.0 = Release|Any CPU
		{6BE62C0A-BA5D-482D-9747-0FFDEF585A33}.Debug|Any CPU.ActiveCfg = Debug|Any CPU
		{6BE62C0A-BA5D-482D-9747-0FFDEF585A33}.Debug|Any CPU.Build.0 = Debug|Any CPU
		{6BE62C0A-BA5D-482D-9747-0FFDEF585A33}.Release|Any CPU.ActiveCfg = Release|Any CPU
		{6BE62C0A-BA5D-482D-9747-0FFDEF585A33}.Release|Any CPU.Build.0 = Release|Any CPU
		{89777077-AC0B-4C84-AB52-BA12A0164CC5}.Debug|Any CPU.ActiveCfg = Debug|Any CPU
		{89777077-AC0B-4C84-AB52-BA12A0164CC5}.Debug|Any CPU.Build.0 = Debug|Any CPU
		{89777077-AC0B-4C84-AB52-BA12A0164CC5}.Release|Any CPU.ActiveCfg = Release|Any CPU
		{89777077-AC0B-4C84-AB52-BA12A0164CC5}.Release|Any CPU.Build.0 = Release|Any CPU
	EndGlobalSection
	GlobalSection(SolutionProperties) = preSolution
		HideSolutionNode = FALSE
	EndGlobalSection
	GlobalSection(NestedProjects) = preSolution
		{6266D80A-3EED-469A-9D9F-1A6972EF1904} = {84AB8A67-6FED-459E-98BC-31D79A3A383C}
		{6BE62C0A-BA5D-482D-9747-0FFDEF585A33} = {84AB8A67-6FED-459E-98BC-31D79A3A383C}
		{89777077-AC0B-4C84-AB52-BA12A0164CC5} = {FB8A28F9-B345-4431-86A2-E239CC1C80D0}
	EndGlobalSection
	GlobalSection(ExtensibilityGlobals) = postSolution
		SolutionGuid = {7A458598-F4C8-4C4D-95B4-1BBEC12A6377}
	EndGlobalSection
EndGlobal
